
Microsoft Visual Studio Solution File, Format Version 11.00
# Visual Studio 2010
Project("{8BC9CEB8-8B4A-11D0-8D11-00A0C91BC942}") = "VisImageUtil25", "VisImageUtil25.vcxproj", "{5AECFFAF-CD08-52AE-5895-DBB0EE329431}"
EndProject
Project("{8BC9CEB8-8B4A-11D0-8D11-00A0C91BC942}") = "INFOLIBJPEG", "LIB\INFOLIBJPEG\INFOLIBJPEG.vcxproj", "{5217D656-DE1D-535E-F7B3-121806B50AB8}"
EndProject
Global
	GlobalSection(SolutionConfigurationPlatforms) = preSolution
		Debug|Win32 = Debug|Win32
		Release_TIMELOCK|Win32 = Release_TIMELOCK|Win32
		Release|Win32 = Release|Win32
		Template|Win32 = Template|Win32
		Unicode Debug|Win32 = Unicode Debug|Win32
		Unicode Release|Win32 = Unicode Release|Win32
	EndGlobalSection
	GlobalSection(ProjectConfigurationPlatforms) = postSolution
		{5AECFFAF-CD08-52AE-5895-DBB0EE329431}.Debug|Win32.ActiveCfg = Debug|Win32
		{5AECFFAF-CD08-52AE-5895-DBB0EE329431}.Debug|Win32.Build.0 = Debug|Win32
		{5AECFFAF-CD08-52AE-5895-DBB0EE329431}.Release_TIMELOCK|Win32.ActiveCfg = Release|Win32
		{5AECFFAF-CD08-52AE-5895-DBB0EE329431}.Release_TIMELOCK|Win32.Build.0 = Release|Win32
		{5AECFFAF-CD08-52AE-5895-DBB0EE329431}.Release|Win32.ActiveCfg = Release|Win32
		{5AECFFAF-CD08-52AE-5895-DBB0EE329431}.Release|Win32.Build.0 = Release|Win32
		{5AECFFAF-CD08-52AE-5895-DBB0EE329431}.Template|Win32.ActiveCfg = Template|Win32
		{5AECFFAF-CD08-52AE-5895-DBB0EE329431}.Template|Win32.Build.0 = Template|Win32
		{5AECFFAF-CD08-52AE-5895-DBB0EE329431}.Unicode Debug|Win32.ActiveCfg = Debug|Win32
		{5AECFFAF-CD08-52AE-5895-DBB0EE329431}.Unicode Debug|Win32.Build.0 = Debug|Win32
		{5AECFFAF-CD08-52AE-5895-DBB0EE329431}.Unicode Release|Win32.ActiveCfg = Release|Win32
		{5AECFFAF-CD08-52AE-5895-DBB0EE329431}.Unicode Release|Win32.Build.0 = Release|Win32
		{5217D656-DE1D-535E-F7B3-121806B50AB8}.Debug|Win32.ActiveCfg = Debug|Win32
		{5217D656-DE1D-535E-F7B3-121806B50AB8}.Debug|Win32.Build.0 = Debug|Win32
		{5217D656-DE1D-535E-F7B3-121806B50AB8}.Release_TIMELOCK|Win32.ActiveCfg = Release|Win32
		{5217D656-DE1D-535E-F7B3-121806B50AB8}.Release_TIMELOCK|Win32.Build.0 = Release|Win32
		{5217D656-DE1D-535E-F7B3-121806B50AB8}.Release|Win32.ActiveCfg = Release|Win32
		{5217D656-DE1D-535E-F7B3-121806B50AB8}.Release|Win32.Build.0 = Release|Win32
		{5217D656-DE1D-535E-F7B3-121806B50AB8}.Template|Win32.ActiveCfg = Template|Win32
		{5217D656-DE1D-535E-F7B3-121806B50AB8}.Template|Win32.Build.0 = Template|Win32
		{5217D656-DE1D-535E-F7B3-121806B50AB8}.Unicode Debug|Win32.ActiveCfg = Debug|Win32
		{5217D656-DE1D-535E-F7B3-121806B50AB8}.Unicode Debug|Win32.Build.0 = Debug|Win32
		{5217D656-DE1D-535E-F7B3-121806B50AB8}.Unicode Release|Win32.ActiveCfg = Release|Win32
		{5217D656-DE1D-535E-F7B3-121806B50AB8}.Unicode Release|Win32.Build.0 = Release|Win32
	EndGlobalSection
	GlobalSection(SolutionProperties) = preSolution
		HideSolutionNode = FALSE
	EndGlobalSection
EndGlobal
